// !$*UTF8*$!
{
	archiveVersion = 1;
	classes = {
	};
	objectVersion = 46;
	objects = {

/* Begin PBXBuildFile section */
		A422537C1C04338D000C403C /* AppDelegate.swift in Sources */ = {isa = PBXBuildFile; fileRef = A422537B1C04338D000C403C /* AppDelegate.swift */; };
		A422537E1C04338D000C403C /* RecordSoundsViewController.swift in Sources */ = {isa = PBXBuildFile; fileRef = A422537D1C04338D000C403C /* RecordSoundsViewController.swift */; };
		A42253811C04338D000C403C /* Main.storyboard in Resources */ = {isa = PBXBuildFile; fileRef = A422537F1C04338D000C403C /* Main.storyboard */; };
		A42253831C04338D000C403C /* Assets.xcassets in Resources */ = {isa = PBXBuildFile; fileRef = A42253821C04338D000C403C /* Assets.xcassets */; };
		A42253861C04338D000C403C /* LaunchScreen.storyboard in Resources */ = {isa = PBXBuildFile; fileRef = A42253841C04338D000C403C /* LaunchScreen.storyboard */; };
		A42253911C04338D000C403C /* Pitch_PerfectTests.swift in Sources */ = {isa = PBXBuildFile; fileRef = A42253901C04338D000C403C /* Pitch_PerfectTests.swift */; };
		A422539C1C04338D000C403C /* Pitch_PerfectUITests.swift in Sources */ = {isa = PBXBuildFile; fileRef = A422539B1C04338D000C403C /* Pitch_PerfectUITests.swift */; };
		A42253AE1C04D458000C403C /* PlaySoundsViewController.swift in Sources */ = {isa = PBXBuildFile; fileRef = A42253AD1C04D458000C403C /* PlaySoundsViewController.swift */; };
		A42253B01C06379B000C403C /* recordedAudio.swift in Sources */ = {isa = PBXBuildFile; fileRef = A42253AF1C06379B000C403C /* recordedAudio.swift */; };
/* End PBXBuildFile section */

/* Begin PBXContainerItemProxy section */
		A422538D1C04338D000C403C /* PBXContainerItemProxy */ = {
			isa = PBXContainerItemProxy;
			containerPortal = A42253701C04338C000C403C /* Project object */;
			proxyType = 1;
			remoteGlobalIDString = A42253771C04338D000C403C;
			remoteInfo = "Pitch Perfect";
		};
		A42253981C04338D000C403C /* PBXContainerItemProxy */ = {
			isa = PBXContainerItemProxy;
			containerPortal = A42253701C04338C000C403C /* Project object */;
			proxyType = 1;
			remoteGlobalIDString = A42253771C04338D000C403C;
			remoteInfo = "Pitch Perfect";
		};
/* End PBXContainerItemProxy section */

/* Begin PBXFileReference section */
		A42253781C04338D000C403C /* Pitch Perfect.app */ = {isa = PBXFileReference; explicitFileType = wrapper.application; includeInIndex = 0; path = "Pitch Perfect.app"; sourceTree = BUILT_PRODUCTS_DIR; };
		A422537B1C04338D000C403C /* AppDelegate.swift */ = {isa = PBXFileReference; lastKnownFileType = sourcecode.swift; path = AppDelegate.swift; sourceTree = "<group>"; };
		A422537D1C04338D000C403C /* RecordSoundsViewController.swift */ = {isa = PBXFileReference; lastKnownFileType = sourcecode.swift; path = RecordSoundsViewController.swift; sourceTree = "<group>"; };
		A42253801C04338D000C403C /* Base */ = {isa = PBXFileReference; lastKnownFileType = file.storyboard; name = Base; path = Base.lproj/Main.storyboard; sourceTree = "<group>"; };
		A42253821C04338D000C403C /* Assets.xcassets */ = {isa = PBXFileReference; lastKnownFileType = folder.assetcatalog; path = Assets.xcassets; sourceTree = "<group>"; };
		A42253851C04338D000C403C /* Base */ = {isa = PBXFileReference; lastKnownFileType = file.storyboard; name = Base; path = Base.lproj/LaunchScreen.storyboard; sourceTree = "<group>"; };
		A42253871C04338D000C403C /* Info.plist */ = {isa = PBXFileReference; lastKnownFileType = text.plist.xml; path = Info.plist; sourceTree = "<group>"; };
		A422538C1C04338D000C403C /* Pitch PerfectTests.xctest */ = {isa = PBXFileReference; explicitFileType = wrapper.cfbundle; includeInIndex = 0; path = "Pitch PerfectTests.xctest"; sourceTree = BUILT_PRODUCTS_DIR; };
		A42253901C04338D000C403C /* Pitch_PerfectTests.swift */ = {isa = PBXFileReference; lastKnownFileType = sourcecode.swift; path = Pitch_PerfectTests.swift; sourceTree = "<group>"; };
		A42253921C04338D000C403C /* Info.plist */ = {isa = PBXFileReference; lastKnownFileType = text.plist.xml; path = Info.plist; sourceTree = "<group>"; };
		A42253971C04338D000C403C /* Pitch PerfectUITests.xctest */ = {isa = PBXFileReference; explicitFileType = wrapper.cfbundle; includeInIndex = 0; path = "Pitch PerfectUITests.xctest"; sourceTree = BUILT_PRODUCTS_DIR; };
		A422539B1C04338D000C403C /* Pitch_PerfectUITests.swift */ = {isa = PBXFileReference; lastKnownFileType = sourcecode.swift; path = Pitch_PerfectUITests.swift; sourceTree = "<group>"; };
		A422539D1C04338D000C403C /* Info.plist */ = {isa = PBXFileReference; lastKnownFileType = text.plist.xml; path = Info.plist; sourceTree = "<group>"; };
		A42253AD1C04D458000C403C /* PlaySoundsViewController.swift */ = {isa = PBXFileReference; fileEncoding = 4; lastKnownFileType = sourcecode.swift; path = PlaySoundsViewController.swift; sourceTree = "<group>"; };
		A42253AF1C06379B000C403C /* recordedAudio.swift */ = {isa = PBXFileReference; fileEncoding = 4; lastKnownFileType = sourcecode.swift; name = recordedAudio.swift; path = "Pitch Perfect/recordedAudio.swift"; sourceTree = "<group>"; };
/* End PBXFileReference section */

/* Begin PBXFrameworksBuildPhase section */
		A42253751C04338D000C403C /* Frameworks */ = {
			isa = PBXFrameworksBuildPhase;
			buildActionMask = 2147483647;
			files = (
			);
			runOnlyForDeploymentPostprocessing = 0;
		};
		A42253891C04338D000C403C /* Frameworks */ = {
			isa = PBXFrameworksBuildPhase;
			buildActionMask = 2147483647;
			files = (
			);
			runOnlyForDeploymentPostprocessing = 0;
		};
		A42253941C04338D000C403C /* Frameworks */ = {
			isa = PBXFrameworksBuildPhase;
			buildActionMask = 2147483647;
			files = (
			);
			runOnlyForDeploymentPostprocessing = 0;
		};
/* End PBXFrameworksBuildPhase section */

/* Begin PBXGroup section */
		A422536F1C04338C000C403C = {
			isa = PBXGroup;
			children = (
				A42253AF1C06379B000C403C /* recordedAudio.swift */,
				A422537A1C04338D000C403C /* Pitch Perfect */,
				A422538F1C04338D000C403C /* Pitch PerfectTests */,
				A422539A1C04338D000C403C /* Pitch PerfectUITests */,
				A42253791C04338D000C403C /* Products */,
			);
			sourceTree = "<group>";
		};
		A42253791C04338D000C403C /* Products */ = {
			isa = PBXGroup;
			children = (
				A42253781C04338D000C403C /* Pitch Perfect.app */,
				A422538C1C04338D000C403C /* Pitch PerfectTests.xctest */,
				A42253971C04338D000C403C /* Pitch PerfectUITests.xctest */,
			);
			name = Products;
			sourceTree = "<group>";
		};
		A422537A1C04338D000C403C /* Pitch Perfect */ = {
			isa = PBXGroup;
			children = (
				A422537B1C04338D000C403C /* AppDelegate.swift */,
				A422537D1C04338D000C403C /* RecordSoundsViewController.swift */,
				A422537F1C04338D000C403C /* Main.storyboard */,
				A42253AD1C04D458000C403C /* PlaySoundsViewController.swift */,
				A42253821C04338D000C403C /* Assets.xcassets */,
				A42253841C04338D000C403C /* LaunchScreen.storyboard */,
				A42253871C04338D000C403C /* Info.plist */,
			);
			path = "Pitch Perfect";
			sourceTree = "<group>";
		};
		A422538F1C04338D000C403C /* Pitch PerfectTests */ = {
			isa = PBXGroup;
			children = (
				A42253901C04338D000C403C /* Pitch_PerfectTests.swift */,
				A42253921C04338D000C403C /* Info.plist */,
			);
			path = "Pitch PerfectTests";
			sourceTree = "<group>";
		};
		A422539A1C04338D000C403C /* Pitch PerfectUITests */ = {
			isa = PBXGroup;
			children = (
				A422539B1C04338D000C403C /* Pitch_PerfectUITests.swift */,
				A422539D1C04338D000C403C /* Info.plist */,
			);
			path = "Pitch PerfectUITests";
			sourceTree = "<group>";
		};
/* End PBXGroup section */

/* Begin PBXNativeTarget section */
		A42253771C04338D000C403C /* Pitch Perfect */ = {
			isa = PBXNativeTarget;
			buildConfigurationList = A42253A01C04338D000C403C /* Build configuration list for PBXNativeTarget "Pitch Perfect" */;
			buildPhases = (
				A42253741C04338D000C403C /* Sources */,
				A42253751C04338D000C403C /* Frameworks */,
				A42253761C04338D000C403C /* Resources */,
			);
			buildRules = (
			);
			dependencies = (
			);
			name = "Pitch Perfect";
			productName = "Pitch Perfect";
			productReference = A42253781C04338D000C403C /* Pitch Perfect.app */;
			productType = "com.apple.product-type.application";
		};
		A422538B1C04338D000C403C /* Pitch PerfectTests */ = {
			isa = PBXNativeTarget;
			buildConfigurationList = A42253A31C04338D000C403C /* Build configuration list for PBXNativeTarget "Pitch PerfectTests" */;
			buildPhases = (
				A42253881C04338D000C403C /* Sources */,
				A42253891C04338D000C403C /* Frameworks */,
				A422538A1C04338D000C403C /* Resources */,
			);
			buildRules = (
			);
			dependencies = (
				A422538E1C04338D000C403C /* PBXTargetDependency */,
			);
			name = "Pitch PerfectTests";
			productName = "Pitch PerfectTests";
			productReference = A422538C1C04338D000C403C /* Pitch PerfectTests.xctest */;
			productType = "com.apple.product-type.bundle.unit-test";
		};
		A42253961C04338D000C403C /* Pitch PerfectUITests */ = {
			isa = PBXNativeTarget;
			buildConfigurationList = A42253A61C04338D000C403C /* Build configuration list for PBXNativeTarget "Pitch PerfectUITests" */;
			buildPhases = (
				A42253931C04338D000C403C /* Sources */,
				A42253941C04338D000C403C /* Frameworks */,
				A42253951C04338D000C403C /* Resources */,
			);
			buildRules = (
			);
			dependencies = (
				A42253991C04338D000C403C /* PBXTargetDependency */,
			);
			name = "Pitch PerfectUITests";
			productName = "Pitch PerfectUITests";
			productReference = A42253971C04338D000C403C /* Pitch PerfectUITests.xctest */;
			productType = "com.apple.product-type.bundle.ui-testing";
		};
/* End PBXNativeTarget section */

/* Begin PBXProject section */
		A42253701C04338C000C403C /* Project object */ = {
			isa = PBXProject;
			attributes = {
				LastSwiftUpdateCheck = 0710;
				LastUpgradeCheck = 0710;
				ORGANIZATIONNAME = josephdhooper;
				TargetAttributes = {
					A42253771C04338D000C403C = {
						CreatedOnToolsVersion = 7.1.1;
						DevelopmentTeam = 3HKHV448JP;
					};
					A422538B1C04338D000C403C = {
						CreatedOnToolsVersion = 7.1.1;
						DevelopmentTeam = 3HKHV448JP;
						TestTargetID = A42253771C04338D000C403C;
					};
					A42253961C04338D000C403C = {
						CreatedOnToolsVersion = 7.1.1;
						DevelopmentTeam = 3HKHV448JP;
						TestTargetID = A42253771C04338D000C403C;
					};
				};
			};
			buildConfigurationList = A42253731C04338C000C403C /* Build configuration list for PBXProject "Pitch Perfect" */;
			compatibilityVersion = "Xcode 3.2";
			developmentRegion = English;
			hasScannedForEncodings = 0;
			knownRegions = (
				en,
				Base,
			);
			mainGroup = A422536F1C04338C000C403C;
			productRefGroup = A42253791C04338D000C403C /* Products */;
			projectDirPath = "";
			projectRoot = "";
			targets = (
				A42253771C04338D000C403C /* Pitch Perfect */,
				A422538B1C04338D000C403C /* Pitch PerfectTests */,
				A42253961C04338D000C403C /* Pitch PerfectUITests */,
			);
		};
/* End PBXProject section */

/* Begin PBXResourcesBuildPhase section */
		A42253761C04338D000C403C /* Resources */ = {
			isa = PBXResourcesBuildPhase;
			buildActionMask = 2147483647;
			files = (
				A42253861C04338D000C403C /* LaunchScreen.storyboard in Resources */,
				A42253831C04338D000C403C /* Assets.xcassets in Resources */,
				A42253811C04338D000C403C /* Main.storyboard in Resources */,
			);
			runOnlyForDeploymentPostprocessing = 0;
		};
		A422538A1C04338D000C403C /* Resources */ = {
			isa = PBXResourcesBuildPhase;
			buildActionMask = 2147483647;
			files = (
			);
			runOnlyForDeploymentPostprocessing = 0;
		};
		A42253951C04338D000C403C /* Resources */ = {
			isa = PBXResourcesBuildPhase;
			buildActionMask = 2147483647;
			files = (
			);
			runOnlyForDeploymentPostprocessing = 0;
		};
/* End PBXResourcesBuildPhase section */

/* Begin PBXSourcesBuildPhase section */
		A42253741C04338D000C403C /* Sources */ = {
			isa = PBXSourcesBuildPhase;
			buildActionMask = 2147483647;
			files = (
				A42253B01C06379B000C403C /* recordedAudio.swift in Sources */,
				A422537E1C04338D000C403C /* RecordSoundsViewController.swift in Sources */,
				A42253AE1C04D458000C403C /* PlaySoundsViewController.swift in Sources */,
				A422537C1C04338D000C403C /* AppDelegate.swift in Sources */,
			);
			runOnlyForDeploymentPostprocessing = 0;
		};
		A42253881C04338D000C403C /* Sources */ = {
			isa = PBXSourcesBuildPhase;
			buildActionMask = 2147483647;
			files = (
				A42253911C04338D000C403C /* Pitch_PerfectTests.swift in Sources */,
			);
			runOnlyForDeploymentPostprocessing = 0;
		};
		A42253931C04338D000C403C /* Sources */ = {
			isa = PBXSourcesBuildPhase;
			buildActionMask = 2147483647;
			files = (
				A422539C1C04338D000C403C /* Pitch_PerfectUITests.swift in Sources */,
			);
			runOnlyForDeploymentPostprocessing = 0;
		};
/* End PBXSourcesBuildPhase section */

/* Begin PBXTargetDependency section */
		A422538E1C04338D000C403C /* PBXTargetDependency */ = {
			isa = PBXTargetDependency;
			target = A42253771C04338D000C403C /* Pitch Perfect */;
			targetProxy = A422538D1C04338D000C403C /* PBXContainerItemProxy */;
		};
		A42253991C04338D000C403C /* PBXTargetDependency */ = {
			isa = PBXTargetDependency;
			target = A42253771C04338D000C403C /* Pitch Perfect */;
			targetProxy = A42253981C04338D000C403C /* PBXContainerItemProxy */;
		};
/* End PBXTargetDependency section */

/* Begin PBXVariantGroup section */
		A422537F1C04338D000C403C /* Main.storyboard */ = {
			isa = PBXVariantGroup;
			children = (
				A42253801C04338D000C403C /* Base */,
			);
			name = Main.storyboard;
			sourceTree = "<group>";
		};
		A42253841C04338D000C403C /* LaunchScreen.storyboard */ = {
			isa = PBXVariantGroup;
			children = (
				A42253851C04338D000C403C /* Base */,
			);
			name = LaunchScreen.storyboard;
			sourceTree = "<group>";
		};
/* End PBXVariantGroup section */

/* Begin XCBuildConfiguration section */
		A422539E1C04338D000C403C /* Debug */ = {
			isa = XCBuildConfiguration;
			buildSettings = {
				ALWAYS_SEARCH_USER_PATHS = NO;
				CLANG_CXX_LANGUAGE_STANDARD = "gnu++0x";
				CLANG_CXX_LIBRARY = "libc++";
				CLANG_ENABLE_MODULES = YES;
				CLANG_ENABLE_OBJC_ARC = YES;
				CLANG_WARN_BOOL_CONVERSION = YES;
				CLANG_WARN_CONSTANT_CONVERSION = YES;
				CLANG_WARN_DIRECT_OBJC_ISA_USAGE = YES_ERROR;
				CLANG_WARN_EMPTY_BODY = YES;
				CLANG_WARN_ENUM_CONVERSION = YES;
				CLANG_WARN_INT_CONVERSION = YES;
				CLANG_WARN_OBJC_ROOT_CLASS = YES_ERROR;
				CLANG_WARN_UNREACHABLE_CODE = YES;
				CLANG_WARN__DUPLICATE_METHOD_MATCH = YES;
				"CODE_SIGN_IDENTITY[sdk=iphoneos*]" = "iPhone Developer";
				COPY_PHASE_STRIP = NO;
				DEBUG_INFORMATION_FORMAT = dwarf;
				ENABLE_STRICT_OBJC_MSGSEND = YES;
				ENABLE_TESTABILITY = YES;
				GCC_C_LANGUAGE_STANDARD = gnu99;
				GCC_DYNAMIC_NO_PIC = NO;
				GCC_NO_COMMON_BLOCKS = YES;
				GCC_OPTIMIZATION_LEVEL = 0;
				GCC_PREPROCESSOR_DEFINITIONS = (
					"DEBUG=1",
					"$(inherited)",
				);
				GCC_WARN_64_TO_32_BIT_CONVERSION = YES;
				GCC_WARN_ABOUT_RETURN_TYPE = YES_ERROR;
				GCC_WARN_UNDECLARED_SELECTOR = YES;
				GCC_WARN_UNINITIALIZED_AUTOS = YES_AGGRESSIVE;
				GCC_WARN_UNUSED_FUNCTION = YES;
				GCC_WARN_UNUSED_VARIABLE = YES;
				IPHONEOS_DEPLOYMENT_TARGET = 9.1;
				MTL_ENABLE_DEBUG_INFO = YES;
				ONLY_ACTIVE_ARCH = YES;
				SDKROOT = iphoneos;
				SWIFT_OPTIMIZATION_LEVEL = "-Onone";
			};
			name = Debug;
		};
		A422539F1C04338D000C403C /* Release */ = {
			isa = XCBuildConfiguration;
			buildSettings = {
				ALWAYS_SEARCH_USER_PATHS = NO;
				CLANG_CXX_LANGUAGE_STANDARD = "gnu++0x";
				CLANG_CXX_LIBRARY = "libc++";
				CLANG_ENABLE_MODULES = YES;
				CLANG_ENABLE_OBJC_ARC = YES;
				CLANG_WARN_BOOL_CONVERSION = YES;
				CLANG_WARN_CONSTANT_CONVERSION = YES;
				CLANG_WARN_DIRECT_OBJC_ISA_USAGE = YES_ERROR;
				CLANG_WARN_EMPTY_BODY = YES;
				CLANG_WARN_ENUM_CONVERSION = YES;
				CLANG_WARN_INT_CONVERSION = YES;
				CLANG_WARN_OBJC_ROOT_CLASS = YES_ERROR;
				CLANG_WARN_UNREACHABLE_CODE = YES;
				CLANG_WARN__DUPLICATE_METHOD_MATCH = YES;
				"CODE_SIGN_IDENTITY[sdk=iphoneos*]" = "iPhone Developer";
				COPY_PHASE_STRIP = NO;
				DEBUG_INFORMATION_FORMAT = "dwarf-with-dsym";
				ENABLE_NS_ASSERTIONS = NO;
				ENABLE_STRICT_OBJC_MSGSEND = YES;
				GCC_C_LANGUAGE_STANDARD = gnu99;
				GCC_NO_COMMON_BLOCKS = YES;
				GCC_WARN_64_TO_32_BIT_CONVERSION = YES;
				GCC_WARN_ABOUT_RETURN_TYPE = YES_ERROR;
				GCC_WARN_UNDECLARED_SELECTOR = YES;
				GCC_WARN_UNINITIALIZED_AUTOS = YES_AGGRESSIVE;
				GCC_WARN_UNUSED_FUNCTION = YES;
				GCC_WARN_UNUSED_VARIABLE = YES;
				IPHONEOS_DEPLOYMENT_TARGET = 9.1;
				MTL_ENABLE_DEBUG_INFO = NO;
				SDKROOT = iphoneos;
				VALIDATE_PRODUCT = YES;
			};
			name = Release;
		};
		A42253A11C04338D000C403C /* Debug */ = {
			isa = XCBuildConfiguration;
			buildSettings = {
				ASSETCATALOG_COMPILER_APPICON_NAME = AppIcon;
				INFOPLIST_FILE = "Pitch Perfect/Info.plist";
				LD_RUNPATH_SEARCH_PATHS = "$(inherited) @executable_path/Frameworks";
				PRODUCT_BUNDLE_IDENTIFIER = "com.josephdhooper.Pitch-Perfect";
				PRODUCT_NAME = "$(TARGET_NAME)";
			};
			name = Debug;
		};
		A42253A21C04338D000C403C /* Release */ = {
			isa = XCBuildConfiguration;
			buildSettings = {
				ASSETCATALOG_COMPILER_APPICON_NAME = AppIcon;
				INFOPLIST_FILE = "Pitch Perfect/Info.plist";
				LD_RUNPATH_SEARCH_PATHS = "$(inherited) @executable_path/Frameworks";
				PRODUCT_BUNDLE_IDENTIFIER = "com.josephdhooper.Pitch-Perfect";
				PRODUCT_NAME = "$(TARGET_NAME)";
			};
			name = Release;
		};
		A42253A41C04338D000C403C /* Debug */ = {
			isa = XCBuildConfiguration;
			buildSettings = {
				BUNDLE_LOADER = "$(TEST_HOST)";
				INFOPLIST_FILE = "Pitch PerfectTests/Info.plist";
				LD_RUNPATH_SEARCH_PATHS = "$(inherited) @executable_path/Frameworks @loader_path/Frameworks";
				PRODUCT_BUNDLE_IDENTIFIER = "com.josephdhooper.Pitch-PerfectTests";
				PRODUCT_NAME = "$(TARGET_NAME)";
				TEST_HOST = "$(BUILT_PRODUCTS_DIR)/Pitch Perfect.app/Pitch Perfect";
			};
			name = Debug;
		};
		A42253A51C04338D000C403C /* Release */ = {
			isa = XCBuildConfiguration;
			buildSettings = {
				BUNDLE_LOADER = "$(TEST_HOST)";
				INFOPLIST_FILE = "Pitch PerfectTests/Info.plist";
				LD_RUNPATH_SEARCH_PATHS = "$(inherited) @executable_path/Frameworks @loader_path/Frameworks";
				PRODUCT_BUNDLE_IDENTIFIER = "com.josephdhooper.Pitch-PerfectTests";
				PRODUCT_NAME = "$(TARGET_NAME)";
				TEST_HOST = "$(BUILT_PRODUCTS_DIR)/Pitch Perfect.app/Pitch Perfect";
			};
			name = Release;
		};
		A42253A71C04338D000C403C /* Debug */ = {
			isa = XCBuildConfiguration;
			buildSettings = {
				INFOPLIST_FILE = "Pitch PerfectUITests/Info.plist";
				LD_RUNPATH_SEARCH_PATHS = "$(inherited) @executable_path/Frameworks @loader_path/Frameworks";
				PRODUCT_BUNDLE_IDENTIFIER = "com.josephdhooper.Pitch-PerfectUITests";
				PRODUCT_NAME = "$(TARGET_NAME)";
				TEST_TARGET_NAME = "Pitch Perfect";
				USES_XCTRUNNER = YES;
			};
			name = Debug;
		};
		A42253A81C04338D000C403C /* Release */ = {
			isa = XCBuildConfiguration;
			buildSettings = {
				INFOPLIST_FILE = "Pitch PerfectUITests/Info.plist";
				LD_RUNPATH_SEARCH_PATHS = "$(inherited) @executable_path/Frameworks @loader_path/Frameworks";
				PRODUCT_BUNDLE_IDENTIFIER = "com.josephdhooper.Pitch-PerfectUITests";
				PRODUCT_NAME = "$(TARGET_NAME)";
				TEST_TARGET_NAME = "Pitch Perfect";
				USES_XCTRUNNER = YES;
			};
			name = Release;
		};
/* End XCBuildConfiguration section */

/* Begin XCConfigurationList section */
		A42253731C04338C000C403C /* Build configuration list for PBXProject "Pitch Perfect" */ = {
			isa = XCConfigurationList;
			buildConfigurations = (
				A422539E1C04338D000C403C /* Debug */,
				A422539F1C04338D000C403C /* Release */,
			);
			defaultConfigurationIsVisible = 0;
			defaultConfigurationName = Release;
		};
		A42253A01C04338D000C403C /* Build configuration list for PBXNativeTarget "Pitch Perfect" */ = {
			isa = XCConfigurationList;
			buildConfigurations = (
				A42253A11C04338D000C403C /* Debug */,
				A42253A21C04338D000C403C /* Release */,
			);
			defaultConfigurationIsVisible = 0;
			defaultConfigurationName = Release;
		};
		A42253A31C04338D000C403C /* Build configuration list for PBXNativeTarget "Pitch PerfectTests" */ = {
			isa = XCConfigurationList;
			buildConfigurations = (
				A42253A41C04338D000C403C /* Debug */,
				A42253A51C04338D000C403C /* Release */,
			);
			defaultConfigurationIsVisible = 0;
			defaultConfigurationName = Release;
		};
		A42253A61C04338D000C403C /* Build configuration list for PBXNativeTarget "Pitch PerfectUITests" */ = {
			isa = XCConfigurationList;
			buildConfigurations = (
				A42253A71C04338D000C403C /* Debug */,
				A42253A81C04338D000C403C /* Release */,
			);
			defaultConfigurationIsVisible = 0;
			defaultConfigurationName = Release;
		};
/* End XCConfigurationList section */
	};
	rootObject = A42253701C04338C000C403C /* Project object */;
}
